
Microsoft Visual Studio Solution File, Format Version 12.00
# Visual Studio Version 16
VisualStudioVersion = 16.0.30907.101
MinimumVisualStudioVersion = 10.0.40219.1
Project("{9A19103F-16F7-4668-BE54-9A1E7A4F7556}") = "Bussiness", "Bussiness\Bussiness.csproj", "{6191E3A9-D796-4AB1-AE9C-5D83AAD538C7}"
EndProject
Project("{9A19103F-16F7-4668-BE54-9A1E7A4F7556}") = "DataAccess", "DataAccess\DataAccess.csproj", "{BBE68A7D-E448-4D97-B5F1-8EBAD5E4376B}"
EndProject
Project("{9A19103F-16F7-4668-BE54-9A1E7A4F7556}") = "Entities", "Entities\Entities.csproj", "{2035D6ED-61A9-4FF1-8855-E90C5563D50E}"
EndProject
Project("{9A19103F-16F7-4668-BE54-9A1E7A4F7556}") = "ConsoleUI", "Program\ConsoleUI.csproj", "{836F9E68-9CDE-45F0-ACB1-59ED9B262245}"
EndProject
Project("{9A19103F-16F7-4668-BE54-9A1E7A4F7556}") = "Core", "Core\Core.csproj", "{6E76C7BE-6399-4C66-9DD8-E2A720C7A3A7}"
EndProject
Global
	GlobalSection(SolutionConfigurationPlatforms) = preSolution
		Debug|Any CPU = Debug|Any CPU
		Release|Any CPU = Release|Any CPU
	EndGlobalSection
	GlobalSection(ProjectConfigurationPlatforms) = postSolution
		{6191E3A9-D796-4AB1-AE9C-5D83AAD538C7}.Debug|Any CPU.ActiveCfg = Debug|Any CPU
		{6191E3A9-D796-4AB1-AE9C-5D83AAD538C7}.Debug|Any CPU.Build.0 = Debug|Any CPU
		{6191E3A9-D796-4AB1-AE9C-5D83AAD538C7}.Release|Any CPU.ActiveCfg = Release|Any CPU
		{6191E3A9-D796-4AB1-AE9C-5D83AAD538C7}.Release|Any CPU.Build.0 = Release|Any CPU
		{BBE68A7D-E448-4D97-B5F1-8EBAD5E4376B}.Debug|Any CPU.ActiveCfg = Debug|Any CPU
		{BBE68A7D-E448-4D97-B5F1-8EBAD5E4376B}.Debug|Any CPU.Build.0 = Debug|Any CPU
		{BBE68A7D-E448-4D97-B5F1-8EBAD5E4376B}.Release|Any CPU.ActiveCfg = Release|Any CPU
		{BBE68A7D-E448-4D97-B5F1-8EBAD5E4376B}.Release|Any CPU.Build.0 = Release|Any CPU
		{2035D6ED-61A9-4FF1-8855-E90C5563D50E}.Debug|Any CPU.ActiveCfg = Debug|Any CPU
		{2035D6ED-61A9-4FF1-8855-E90C5563D50E}.Debug|Any CPU.Build.0 = Debug|Any CPU
		{2035D6ED-61A9-4FF1-8855-E90C5563D50E}.Release|Any CPU.ActiveCfg = Release|Any CPU
		{2035D6ED-61A9-4FF1-8855-E90C5563D50E}.Release|Any CPU.Build.0 = Release|Any CPU
		{836F9E68-9CDE-45F0-ACB1-59ED9B262245}.Debug|Any CPU.ActiveCfg = Debug|Any CPU
		{836F9E68-9CDE-45F0-ACB1-59ED9B262245}.Debug|Any CPU.Build.0 = Debug|Any CPU
		{836F9E68-9CDE-45F0-ACB1-59ED9B262245}.Release|Any CPU.ActiveCfg = Release|Any CPU
		{836F9E68-9CDE-45F0-ACB1-59ED9B262245}.Release|Any CPU.Build.0 = Release|Any CPU
		{6E76C7BE-6399-4C66-9DD8-E2A720C7A3A7}.Debug|Any CPU.ActiveCfg = Debug|Any CPU
		{6E76C7BE-6399-4C66-9DD8-E2A720C7A3A7}.Debug|Any CPU.Build.0 = Debug|Any CPU
		{6E76C7BE-6399-4C66-9DD8-E2A720C7A3A7}.Release|Any CPU.ActiveCfg = Release|Any CPU
		{6E76C7BE-6399-4C66-9DD8-E2A720C7A3A7}.Release|Any CPU.Build.0 = Release|Any CPU
	EndGlobalSection
	GlobalSection(SolutionProperties) = preSolution
		HideSolutionNode = FALSE
	EndGlobalSection
	GlobalSection(ExtensibilityGlobals) = postSolution
		SolutionGuid = {C9B12635-7992-444B-A094-CA2364B944E3}
	EndGlobalSection
EndGlobal
